
Microsoft Visual Studio Solution File, Format Version 12.00
# Visual Studio Version 17
VisualStudioVersion = 17.11.35222.181
MinimumVisualStudioVersion = 10.0.40219.1
Project("{FAE04EC0-301F-11D3-BF4B-00C04F79EFBC}") = "ATMwithOOP", "ATMwithOOP\ATMwithOOP.csproj", "{6BAF521D-69AD-4479-AF41-1FAD7AD3576E}"
EndProject
Global
	GlobalSection(SolutionConfigurationPlatforms) = preSolution
		Debug|Any CPU = Debug|Any CPU
		Release|Any CPU = Release|Any CPU
	EndGlobalSection
	GlobalSection(ProjectConfigurationPlatforms) = postSolution
		{6BAF521D-69AD-4479-AF41-1FAD7AD3576E}.Debug|Any CPU.ActiveCfg = Debug|Any CPU
		{6BAF521D-69AD-4479-AF41-1FAD7AD3576E}.Debug|Any CPU.Build.0 = Debug|Any CPU
		{6BAF521D-69AD-4479-AF41-1FAD7AD3576E}.Release|Any CPU.ActiveCfg = Release|Any CPU
		{6BAF521D-69AD-4479-AF41-1FAD7AD3576E}.Release|Any CPU.Build.0 = Release|Any CPU
	EndGlobalSection
	GlobalSection(SolutionProperties) = preSolution
		HideSolutionNode = FALSE
	EndGlobalSection
	GlobalSection(ExtensibilityGlobals) = postSolution
		SolutionGuid = {096CF373-72F4-46F0-AB39-E1B4630ACC7C}
	EndGlobalSection
EndGlobal
